<?xml version="1.0" encoding="utf-8"?>
<Project ToolsVersion="4.0" xmlns="http://schemas.microsoft.com/developer/msbuild/2003">
  <ItemGroup>
    <Filter Include="Source">
      <UniqueIdentifier>{acbeb89e-b50d-4980-ba5d-482271f5f8be}</UniqueIdentifier>
    </Filter>
  </ItemGroup>
  <ItemGroup>
    <ClCompile Include="main.cpp">
      <Filter>Source</Filter>
    </ClCompile>
    <ClCompile Include="stdafx.cpp" />
    <ClCompile Include="Core\Memory\Memory.cpp" />
    <ClCompile Include="Core\Memory\Allocator\TBB\TBBAllocator.cpp" />
    <ClCompile Include="Core\CoreGlobal.cpp" />
    <ClCompile Include="Core\Memory\Allocator\System\SystemAllocator.cpp" />
    <ClCompile Include="Core\AppWindow\OS\GLFWWindow.cpp" />
    <ClCompile Include="Core\AppWindow\GenericWindow.cpp" />
  </ItemGroup>
  <ItemGroup>
    <None Include="Shaders\Color.frag" />
    <None Include="Shaders\Color.vert" />
  </ItemGroup>
  <ItemGroup>
    <ClInclude Include="stdafx.h" />
    <ClInclude Include="Core\Memory\Memory.h" />
    <ClInclude Include="Core\CoreGlobal.h" />
    <ClInclude Include="Common\GlobalMacro.h" />
    <ClInclude Include="Core\Memory\Allocator\TBB\TBBAllocator.h" />
    <ClInclude Include="Core\Memory\Allocator\System\SystemAllocator.h" />
    <ClInclude Include="Core\AppWindow\OS\GLFWWindow.h" />
    <ClInclude Include="Core\AppWindow\GenericWindow.h" />
  </ItemGroup>
</Project>